
Microsoft Visual Studio Solution File, Format Version 12.00
# Visual Studio Version 17
VisualStudioVersion = 17.7.34031.279
MinimumVisualStudioVersion = 10.0.40219.1
Project("{FAE04EC0-301F-11D3-BF4B-00C04F79EFBC}") = "PracticeProjectOOPSBased_StoreSchoolDataByDesignPatterns", "PracticeProjectOOPSBased_StoreSchoolDataByDesignPatterns\PracticeProjectOOPSBased_StoreSchoolDataByDesignPatterns.csproj", "{C969B748-E780-4498-BA4E-0B2AE8CDD405}"
EndProject
Global
	GlobalSection(SolutionConfigurationPlatforms) = preSolution
		Debug|Any CPU = Debug|Any CPU
		Release|Any CPU = Release|Any CPU
	EndGlobalSection
	GlobalSection(ProjectConfigurationPlatforms) = postSolution
		{C969B748-E780-4498-BA4E-0B2AE8CDD405}.Debug|Any CPU.ActiveCfg = Debug|Any CPU
		{C969B748-E780-4498-BA4E-0B2AE8CDD405}.Debug|Any CPU.Build.0 = Debug|Any CPU
		{C969B748-E780-4498-BA4E-0B2AE8CDD405}.Release|Any CPU.ActiveCfg = Release|Any CPU
		{C969B748-E780-4498-BA4E-0B2AE8CDD405}.Release|Any CPU.Build.0 = Release|Any CPU
	EndGlobalSection
	GlobalSection(SolutionProperties) = preSolution
		HideSolutionNode = FALSE
	EndGlobalSection
	GlobalSection(ExtensibilityGlobals) = postSolution
		SolutionGuid = {690DCC2E-BD00-4B47-AECB-9057A6F73734}
	EndGlobalSection
EndGlobal
